
Microsoft Visual Studio Solution File, Format Version 12.00
Project("{FAE04EC0-301F-11D3-BF4B-00C04F79EFBC}") = "ILPUnpacker", "ILPUnpacker\ILPUnpacker.csproj", "{BC311C4C-6AE7-40D9-B571-89A9CB9E055F}"
EndProject
Global
	GlobalSection(SolutionConfigurationPlatforms) = preSolution
		Debug|Any CPU = Debug|Any CPU
		Release|Any CPU = Release|Any CPU
	EndGlobalSection
	GlobalSection(ProjectConfigurationPlatforms) = postSolution
		{BC311C4C-6AE7-40D9-B571-89A9CB9E055F}.Debug|Any CPU.ActiveCfg = Debug|Any CPU
		{BC311C4C-6AE7-40D9-B571-89A9CB9E055F}.Debug|Any CPU.Build.0 = Debug|Any CPU
		{BC311C4C-6AE7-40D9-B571-89A9CB9E055F}.Release|Any CPU.ActiveCfg = Release|Any CPU
		{BC311C4C-6AE7-40D9-B571-89A9CB9E055F}.Release|Any CPU.Build.0 = Release|Any CPU
	EndGlobalSection
EndGlobal
